
Microsoft Visual Studio Solution File, Format Version 12.00
# Visual Studio Version 17
VisualStudioVersion = 17.9.34728.123
MinimumVisualStudioVersion = 10.0.40219.1
Project("{9A19103F-16F7-4668-BE54-9A1E7A4F7556}") = "OpenGLSharpGLDemo", "OpenGLSharpGLDemo.csproj", "{A80A1612-E80B-4875-B736-B77857DF39DE}"
EndProject
Global
	GlobalSection(SolutionConfigurationPlatforms) = preSolution
		Debug|Any CPU = Debug|Any CPU
		Release|Any CPU = Release|Any CPU
	EndGlobalSection
	GlobalSection(ProjectConfigurationPlatforms) = postSolution
		{A80A1612-E80B-4875-B736-B77857DF39DE}.Debug|Any CPU.ActiveCfg = Debug|Any CPU
		{A80A1612-E80B-4875-B736-B77857DF39DE}.Debug|Any CPU.Build.0 = Debug|Any CPU
		{A80A1612-E80B-4875-B736-B77857DF39DE}.Release|Any CPU.ActiveCfg = Release|Any CPU
		{A80A1612-E80B-4875-B736-B77857DF39DE}.Release|Any CPU.Build.0 = Release|Any CPU
	EndGlobalSection
	GlobalSection(SolutionProperties) = preSolution
		HideSolutionNode = FALSE
	EndGlobalSection
	GlobalSection(ExtensibilityGlobals) = postSolution
		SolutionGuid = {1DFF3862-6850-4A70-A3D9-CFEDDD7FC3CF}
	EndGlobalSection
EndGlobal
